// !$*UTF8*$!
{
	archiveVersion = 1;
	classes = {
	};
	objectVersion = 56;
	objects = {

/* Begin PBXBuildFile section */
		0703FC722B457EF40084DD8A /* Models.swift in Sources */ = {isa = PBXBuildFile; fileRef = 0703FC712B457EF40084DD8A /* Models.swift */; };
		0703FC742B4583B80084DD8A /* JournalService.swift in Sources */ = {isa = PBXBuildFile; fileRef = 0703FC732B4583B80084DD8A /* JournalService.swift */; };
		0703FC782B49351F0084DD8A /* LocationPicker.swift in Sources */ = {isa = PBXBuildFile; fileRef = 0703FC772B49351F0084DD8A /* LocationPicker.swift */; };
		0703FC7A2B493D5B0084DD8A /* LocationService.swift in Sources */ = {isa = PBXBuildFile; fileRef = 0703FC792B493D5B0084DD8A /* LocationService.swift */; };
		075A90E32B446996009A1DCB /* App.swift in Sources */ = {isa = PBXBuildFile; fileRef = 075A90E22B446996009A1DCB /* App.swift */; };
		075A90E72B446997009A1DCB /* Assets.xcassets in Resources */ = {isa = PBXBuildFile; fileRef = 075A90E62B446997009A1DCB /* Assets.xcassets */; };
		075A90F12B4469C0009A1DCB /* RootView.swift in Sources */ = {isa = PBXBuildFile; fileRef = 075A90F02B4469C0009A1DCB /* RootView.swift */; };
		075A90F32B446A18009A1DCB /* TripList.swift in Sources */ = {isa = PBXBuildFile; fileRef = 075A90F22B446A18009A1DCB /* TripList.swift */; };
		075A90F52B446A41009A1DCB /* TripDetails.swift in Sources */ = {isa = PBXBuildFile; fileRef = 075A90F42B446A41009A1DCB /* TripDetails.swift */; };
		075A90F72B446A5C009A1DCB /* TripForm.swift in Sources */ = {isa = PBXBuildFile; fileRef = 075A90F62B446A5C009A1DCB /* TripForm.swift */; };
		075A90F92B446A6F009A1DCB /* TripCell.swift in Sources */ = {isa = PBXBuildFile; fileRef = 075A90F82B446A6F009A1DCB /* TripCell.swift */; };
		075A90FB2B446A80009A1DCB /* EventCell.swift in Sources */ = {isa = PBXBuildFile; fileRef = 075A90FA2B446A80009A1DCB /* EventCell.swift */; };
		075A90FD2B446AA9009A1DCB /* Utils.swift in Sources */ = {isa = PBXBuildFile; fileRef = 075A90FC2B446AA9009A1DCB /* Utils.swift */; };
		075A90FF2B446AD6009A1DCB /* EventForm.swift in Sources */ = {isa = PBXBuildFile; fileRef = 075A90FE2B446AD6009A1DCB /* EventForm.swift */; };
		075A91012B446B17009A1DCB /* AuthView.swift in Sources */ = {isa = PBXBuildFile; fileRef = 075A91002B446B17009A1DCB /* AuthView.swift */; };
		0767E7102B573F6300993870 /* LocationSearchView.swift in Sources */ = {isa = PBXBuildFile; fileRef = 0767E70F2B573F6300993870 /* LocationSearchView.swift */; };
		07AA89D72B5F251800405269 /* Requests.swift in Sources */ = {isa = PBXBuildFile; fileRef = 07AA89D62B5F251800405269 /* Requests.swift */; };
		07BCBA7A2B5B256500C6F687 /* MediaGallery.swift in Sources */ = {isa = PBXBuildFile; fileRef = 07BCBA792B5B256500C6F687 /* MediaGallery.swift */; };
		07BCBA872B5D656E00C6F687 /* JournalService+Mock.swift in Sources */ = {isa = PBXBuildFile; fileRef = 07BCBA862B5D656E00C6F687 /* JournalService+Mock.swift */; };
		07BCBA8F2B5D7EC500C6F687 /* MediaCarousel.swift in Sources */ = {isa = PBXBuildFile; fileRef = 07BCBA8E2B5D7EC500C6F687 /* MediaCarousel.swift */; };
		07F6695D2B589A1E002F8D18 /* AddButton.swift in Sources */ = {isa = PBXBuildFile; fileRef = 07F6695C2B589A1E002F8D18 /* AddButton.swift */; };
		CA3C35942C9915BB00FA7648 /* JournalManager.swift in Sources */ = {isa = PBXBuildFile; fileRef = CA3C35932C9915BB00FA7648 /* JournalManager.swift */; };
		CA3C35972C99F14500FA7648 /* FileManagerStorage.swift in Sources */ = {isa = PBXBuildFile; fileRef = CA3C35962C99F14500FA7648 /* FileManagerStorage.swift */; };
		CA3C359C2C9A062100FA7648 /* JournalLocalService.swift in Sources */ = {isa = PBXBuildFile; fileRef = CA3C359B2C9A062100FA7648 /* JournalLocalService.swift */; };
		CA81F2762C94BF72002485FD /* NetworkMonitor.swift in Sources */ = {isa = PBXBuildFile; fileRef = CA81F2752C94BF72002485FD /* NetworkMonitor.swift */; };
		CA81F2782C94C14D002485FD /* TripRouter.swift in Sources */ = {isa = PBXBuildFile; fileRef = CA81F2772C94C14D002485FD /* TripRouter.swift */; };
		CA81F27C2C94D613002485FD /* KeychainHelper.swift in Sources */ = {isa = PBXBuildFile; fileRef = CA81F27B2C94D613002485FD /* KeychainHelper.swift */; };
		CA81F2802C94EA94002485FD /* NetworkConstants.swift in Sources */ = {isa = PBXBuildFile; fileRef = CA81F27F2C94EA94002485FD /* NetworkConstants.swift */; };
		CA81F2842C9502F9002485FD /* NetworkClient.swift in Sources */ = {isa = PBXBuildFile; fileRef = CA81F2832C9502F8002485FD /* NetworkClient.swift */; };
		CA81F2862C9507C7002485FD /* CacheServiceManager.swift in Sources */ = {isa = PBXBuildFile; fileRef = CA81F2852C9507C7002485FD /* CacheServiceManager.swift */; };
		CA81F2892C950C80002485FD /* JournalService+Live.swift in Sources */ = {isa = PBXBuildFile; fileRef = CA81F2882C950C80002485FD /* JournalService+Live.swift */; };
		CA81F28B2C952696002485FD /* TokenManager.swift in Sources */ = {isa = PBXBuildFile; fileRef = CA81F28A2C952696002485FD /* TokenManager.swift */; };
		CA81F28D2C9536D3002485FD /* AuthService.swift in Sources */ = {isa = PBXBuildFile; fileRef = CA81F28C2C9536D3002485FD /* AuthService.swift */; };
		CAAF05DE2CC5D27200E977F7 /* CreateMeadiaUseCase.swift in Sources */ = {isa = PBXBuildFile; fileRef = CAAF05DD2CC5D26700E977F7 /* CreateMeadiaUseCase.swift */; };
		CAAF05E02CC5DCFA00E977F7 /* MediaViewModel.swift in Sources */ = {isa = PBXBuildFile; fileRef = CAAF05DF2CC5DCEE00E977F7 /* MediaViewModel.swift */; };
		CAAF05E22CC616E300E977F7 /* MediaRemoteDataSourceImpl.swift in Sources */ = {isa = PBXBuildFile; fileRef = CAAF05E12CC616E000E977F7 /* MediaRemoteDataSourceImpl.swift */; };
		CAAF05E42CC6171200E977F7 /* MediaLocalDataSourceImpl.swift in Sources */ = {isa = PBXBuildFile; fileRef = CAAF05E32CC6171200E977F7 /* MediaLocalDataSourceImpl.swift */; };
		CAAF05E62CC6178E00E977F7 /* DeleteMediaUseCase.swift in Sources */ = {isa = PBXBuildFile; fileRef = CAAF05E52CC6177C00E977F7 /* DeleteMediaUseCase.swift */; };
		CAAF05E82CC61DBD00E977F7 /* UseCaseFactory.swift in Sources */ = {isa = PBXBuildFile; fileRef = CAAF05E72CC61DB300E977F7 /* UseCaseFactory.swift */; };
		CAAF05EA2CC8336400E977F7 /* ErrorManager.swift in Sources */ = {isa = PBXBuildFile; fileRef = CAAF05E92CC8334000E977F7 /* ErrorManager.swift */; };
		CAAF05ED2CC846E000E977F7 /* RequestHelper.swift in Sources */ = {isa = PBXBuildFile; fileRef = CAAF05EC2CC846C200E977F7 /* RequestHelper.swift */; };
		CAAF05EF2CC8470A00E977F7 /* NetworkClientProtocol.swift in Sources */ = {isa = PBXBuildFile; fileRef = CAAF05EE2CC8470300E977F7 /* NetworkClientProtocol.swift */; };
		CADE04352C9C9779004627C3 /* TripJournalContainer.swift in Sources */ = {isa = PBXBuildFile; fileRef = CADE04342C9C9779004627C3 /* TripJournalContainer.swift */; };
		CADE044A2CA3AFE3004627C3 /* TripRepositoryImpl.swift in Sources */ = {isa = PBXBuildFile; fileRef = CADE04492CA3AFE3004627C3 /* TripRepositoryImpl.swift */; };
		CADE044C2CA3B00A004627C3 /* EventRepositoryImpl.swift in Sources */ = {isa = PBXBuildFile; fileRef = CADE044B2CA3B00A004627C3 /* EventRepositoryImpl.swift */; };
		CADE044E2CA3B01F004627C3 /* MediaRepositoryImpl.swift in Sources */ = {isa = PBXBuildFile; fileRef = CADE044D2CA3B01F004627C3 /* MediaRepositoryImpl.swift */; };
		CADE04502CA3B034004627C3 /* TripRemoteDataSourceImpl.swift in Sources */ = {isa = PBXBuildFile; fileRef = CADE044F2CA3B034004627C3 /* TripRemoteDataSourceImpl.swift */; };
		CADE04522CA3B04A004627C3 /* TripLocalDataSourceImpl.swift in Sources */ = {isa = PBXBuildFile; fileRef = CADE04512CA3B04A004627C3 /* TripLocalDataSourceImpl.swift */; };
		CADE04542CA3B05F004627C3 /* EventRemoteDataSource.swift in Sources */ = {isa = PBXBuildFile; fileRef = CADE04532CA3B05F004627C3 /* EventRemoteDataSource.swift */; };
		CADE04562CA3B0A7004627C3 /* EventLocalDataSource.swift in Sources */ = {isa = PBXBuildFile; fileRef = CADE04552CA3B0A7004627C3 /* EventLocalDataSource.swift */; };
		CADE04592CA3B4B3004627C3 /* GetTripsUseCase.swift in Sources */ = {isa = PBXBuildFile; fileRef = CADE04582CA3B4B3004627C3 /* GetTripsUseCase.swift */; };
		CADE045F2CA476A5004627C3 /* ServiceLocator.swift in Sources */ = {isa = PBXBuildFile; fileRef = CADE045E2CA476A4004627C3 /* ServiceLocator.swift */; };
		CADE04612CA47A40004627C3 /* CreateTripUseCase.swift in Sources */ = {isa = PBXBuildFile; fileRef = CADE04602CA47A40004627C3 /* CreateTripUseCase.swift */; };
		CADE04632CA47A57004627C3 /* UpdateTripUseCase.swift in Sources */ = {isa = PBXBuildFile; fileRef = CADE04622CA47A57004627C3 /* UpdateTripUseCase.swift */; };
		CADE04652CA47A89004627C3 /* DeleteTripUseCase.swift in Sources */ = {isa = PBXBuildFile; fileRef = CADE04642CA47A89004627C3 /* DeleteTripUseCase.swift */; };
		CADE04682CA47AEC004627C3 /* TripViewModel.swift in Sources */ = {isa = PBXBuildFile; fileRef = CADE04672CA47AEC004627C3 /* TripViewModel.swift */; };
		CADE046B2CA4D28D004627C3 /* EventViewModel.swift in Sources */ = {isa = PBXBuildFile; fileRef = CADE046A2CA4D28D004627C3 /* EventViewModel.swift */; };
		CADE046F2CA4D2D6004627C3 /* GetEventsUseCase.swift in Sources */ = {isa = PBXBuildFile; fileRef = CADE046E2CA4D2D6004627C3 /* GetEventsUseCase.swift */; };
		CADE04712CA4D323004627C3 /* UpdateEventsUseCase.swift in Sources */ = {isa = PBXBuildFile; fileRef = CADE04702CA4D323004627C3 /* UpdateEventsUseCase.swift */; };
		CADE04732CA4D358004627C3 /* DeleteEventsUseCase.swift in Sources */ = {isa = PBXBuildFile; fileRef = CADE04722CA4D358004627C3 /* DeleteEventsUseCase.swift */; };
		CADE04752CA4D393004627C3 /* CreateEventsUseCase.swift in Sources */ = {isa = PBXBuildFile; fileRef = CADE04742CA4D393004627C3 /* CreateEventsUseCase.swift */; };
		CADE04772CA500AC004627C3 /* GetTripUseCase.swift in Sources */ = {isa = PBXBuildFile; fileRef = CADE04762CA500AC004627C3 /* GetTripUseCase.swift */; };
/* End PBXBuildFile section */

/* Begin PBXFileReference section */
		0703FC712B457EF40084DD8A /* Models.swift */ = {isa = PBXFileReference; lastKnownFileType = sourcecode.swift; path = Models.swift; sourceTree = "<group>"; };
		0703FC732B4583B80084DD8A /* JournalService.swift */ = {isa = PBXFileReference; lastKnownFileType = sourcecode.swift; path = JournalService.swift; sourceTree = "<group>"; };
		0703FC772B49351F0084DD8A /* LocationPicker.swift */ = {isa = PBXFileReference; lastKnownFileType = sourcecode.swift; path = LocationPicker.swift; sourceTree = "<group>"; };
		0703FC792B493D5B0084DD8A /* LocationService.swift */ = {isa = PBXFileReference; lastKnownFileType = sourcecode.swift; path = LocationService.swift; sourceTree = "<group>"; };
		075A90DF2B446996009A1DCB /* TripJournal.app */ = {isa = PBXFileReference; explicitFileType = wrapper.application; includeInIndex = 0; path = TripJournal.app; sourceTree = BUILT_PRODUCTS_DIR; };
		075A90E22B446996009A1DCB /* App.swift */ = {isa = PBXFileReference; lastKnownFileType = sourcecode.swift; path = App.swift; sourceTree = "<group>"; };
		075A90E62B446997009A1DCB /* Assets.xcassets */ = {isa = PBXFileReference; lastKnownFileType = folder.assetcatalog; path = Assets.xcassets; sourceTree = "<group>"; };
		075A90F02B4469C0009A1DCB /* RootView.swift */ = {isa = PBXFileReference; lastKnownFileType = sourcecode.swift; path = RootView.swift; sourceTree = "<group>"; };
		075A90F22B446A18009A1DCB /* TripList.swift */ = {isa = PBXFileReference; lastKnownFileType = sourcecode.swift; path = TripList.swift; sourceTree = "<group>"; };
		075A90F42B446A41009A1DCB /* TripDetails.swift */ = {isa = PBXFileReference; lastKnownFileType = sourcecode.swift; path = TripDetails.swift; sourceTree = "<group>"; };
		075A90F62B446A5C009A1DCB /* TripForm.swift */ = {isa = PBXFileReference; lastKnownFileType = sourcecode.swift; path = TripForm.swift; sourceTree = "<group>"; };
		075A90F82B446A6F009A1DCB /* TripCell.swift */ = {isa = PBXFileReference; lastKnownFileType = sourcecode.swift; path = TripCell.swift; sourceTree = "<group>"; };
		075A90FA2B446A80009A1DCB /* EventCell.swift */ = {isa = PBXFileReference; lastKnownFileType = sourcecode.swift; path = EventCell.swift; sourceTree = "<group>"; };
		075A90FC2B446AA9009A1DCB /* Utils.swift */ = {isa = PBXFileReference; lastKnownFileType = sourcecode.swift; path = Utils.swift; sourceTree = "<group>"; };
		075A90FE2B446AD6009A1DCB /* EventForm.swift */ = {isa = PBXFileReference; lastKnownFileType = sourcecode.swift; path = EventForm.swift; sourceTree = "<group>"; };
		075A91002B446B17009A1DCB /* AuthView.swift */ = {isa = PBXFileReference; lastKnownFileType = sourcecode.swift; path = AuthView.swift; sourceTree = "<group>"; };
		0767E70F2B573F6300993870 /* LocationSearchView.swift */ = {isa = PBXFileReference; lastKnownFileType = sourcecode.swift; path = LocationSearchView.swift; sourceTree = "<group>"; };
		07AA89D62B5F251800405269 /* Requests.swift */ = {isa = PBXFileReference; lastKnownFileType = sourcecode.swift; path = Requests.swift; sourceTree = "<group>"; };
		07BCBA792B5B256500C6F687 /* MediaGallery.swift */ = {isa = PBXFileReference; lastKnownFileType = sourcecode.swift; path = MediaGallery.swift; sourceTree = "<group>"; };
		07BCBA862B5D656E00C6F687 /* JournalService+Mock.swift */ = {isa = PBXFileReference; lastKnownFileType = sourcecode.swift; path = "JournalService+Mock.swift"; sourceTree = "<group>"; };
		07BCBA8E2B5D7EC500C6F687 /* MediaCarousel.swift */ = {isa = PBXFileReference; lastKnownFileType = sourcecode.swift; path = MediaCarousel.swift; sourceTree = "<group>"; xcLanguageSpecificationIdentifier = xcode.lang.swift; };
		07F6695C2B589A1E002F8D18 /* AddButton.swift */ = {isa = PBXFileReference; lastKnownFileType = sourcecode.swift; path = AddButton.swift; sourceTree = "<group>"; };
		CA3C35932C9915BB00FA7648 /* JournalManager.swift */ = {isa = PBXFileReference; lastKnownFileType = sourcecode.swift; path = JournalManager.swift; sourceTree = "<group>"; };
		CA3C35962C99F14500FA7648 /* FileManagerStorage.swift */ = {isa = PBXFileReference; lastKnownFileType = sourcecode.swift; path = FileManagerStorage.swift; sourceTree = "<group>"; };
		CA3C359B2C9A062100FA7648 /* JournalLocalService.swift */ = {isa = PBXFileReference; lastKnownFileType = sourcecode.swift; path = JournalLocalService.swift; sourceTree = "<group>"; };
		CA81F2752C94BF72002485FD /* NetworkMonitor.swift */ = {isa = PBXFileReference; lastKnownFileType = sourcecode.swift; path = NetworkMonitor.swift; sourceTree = "<group>"; };
		CA81F2772C94C14D002485FD /* TripRouter.swift */ = {isa = PBXFileReference; lastKnownFileType = sourcecode.swift; path = TripRouter.swift; sourceTree = "<group>"; };
		CA81F27B2C94D613002485FD /* KeychainHelper.swift */ = {isa = PBXFileReference; lastKnownFileType = sourcecode.swift; path = KeychainHelper.swift; sourceTree = "<group>"; };
		CA81F27F2C94EA94002485FD /* NetworkConstants.swift */ = {isa = PBXFileReference; lastKnownFileType = sourcecode.swift; path = NetworkConstants.swift; sourceTree = "<group>"; };
		CA81F2832C9502F8002485FD /* NetworkClient.swift */ = {isa = PBXFileReference; lastKnownFileType = sourcecode.swift; path = NetworkClient.swift; sourceTree = "<group>"; };
		CA81F2852C9507C7002485FD /* CacheServiceManager.swift */ = {isa = PBXFileReference; lastKnownFileType = sourcecode.swift; path = CacheServiceManager.swift; sourceTree = "<group>"; };
		CA81F2882C950C80002485FD /* JournalService+Live.swift */ = {isa = PBXFileReference; lastKnownFileType = sourcecode.swift; path = "JournalService+Live.swift"; sourceTree = "<group>"; };
		CA81F28A2C952696002485FD /* TokenManager.swift */ = {isa = PBXFileReference; lastKnownFileType = sourcecode.swift; path = TokenManager.swift; sourceTree = "<group>"; };
		CA81F28C2C9536D3002485FD /* AuthService.swift */ = {isa = PBXFileReference; lastKnownFileType = sourcecode.swift; path = AuthService.swift; sourceTree = "<group>"; };
		CAAF05DD2CC5D26700E977F7 /* CreateMeadiaUseCase.swift */ = {isa = PBXFileReference; lastKnownFileType = sourcecode.swift; path = CreateMeadiaUseCase.swift; sourceTree = "<group>"; };
		CAAF05DF2CC5DCEE00E977F7 /* MediaViewModel.swift */ = {isa = PBXFileReference; lastKnownFileType = sourcecode.swift; path = MediaViewModel.swift; sourceTree = "<group>"; };
		CAAF05E12CC616E000E977F7 /* MediaRemoteDataSourceImpl.swift */ = {isa = PBXFileReference; lastKnownFileType = sourcecode.swift; path = MediaRemoteDataSourceImpl.swift; sourceTree = "<group>"; };
		CAAF05E32CC6171200E977F7 /* MediaLocalDataSourceImpl.swift */ = {isa = PBXFileReference; lastKnownFileType = sourcecode.swift; path = MediaLocalDataSourceImpl.swift; sourceTree = "<group>"; };
		CAAF05E52CC6177C00E977F7 /* DeleteMediaUseCase.swift */ = {isa = PBXFileReference; lastKnownFileType = sourcecode.swift; path = DeleteMediaUseCase.swift; sourceTree = "<group>"; };
		CAAF05E72CC61DB300E977F7 /* UseCaseFactory.swift */ = {isa = PBXFileReference; lastKnownFileType = sourcecode.swift; path = UseCaseFactory.swift; sourceTree = "<group>"; };
		CAAF05E92CC8334000E977F7 /* ErrorManager.swift */ = {isa = PBXFileReference; lastKnownFileType = sourcecode.swift; path = ErrorManager.swift; sourceTree = "<group>"; };
		CAAF05EC2CC846C200E977F7 /* RequestHelper.swift */ = {isa = PBXFileReference; lastKnownFileType = sourcecode.swift; path = RequestHelper.swift; sourceTree = "<group>"; };
		CAAF05EE2CC8470300E977F7 /* NetworkClientProtocol.swift */ = {isa = PBXFileReference; lastKnownFileType = sourcecode.swift; path = NetworkClientProtocol.swift; sourceTree = "<group>"; };
		CADE04342C9C9779004627C3 /* TripJournalContainer.swift */ = {isa = PBXFileReference; lastKnownFileType = sourcecode.swift; path = TripJournalContainer.swift; sourceTree = "<group>"; };
		CADE04492CA3AFE3004627C3 /* TripRepositoryImpl.swift */ = {isa = PBXFileReference; lastKnownFileType = sourcecode.swift; path = TripRepositoryImpl.swift; sourceTree = "<group>"; };
		CADE044B2CA3B00A004627C3 /* EventRepositoryImpl.swift */ = {isa = PBXFileReference; lastKnownFileType = sourcecode.swift; path = EventRepositoryImpl.swift; sourceTree = "<group>"; };
		CADE044D2CA3B01F004627C3 /* MediaRepositoryImpl.swift */ = {isa = PBXFileReference; lastKnownFileType = sourcecode.swift; path = MediaRepositoryImpl.swift; sourceTree = "<group>"; };
		CADE044F2CA3B034004627C3 /* TripRemoteDataSourceImpl.swift */ = {isa = PBXFileReference; lastKnownFileType = sourcecode.swift; path = TripRemoteDataSourceImpl.swift; sourceTree = "<group>"; };
		CADE04512CA3B04A004627C3 /* TripLocalDataSourceImpl.swift */ = {isa = PBXFileReference; lastKnownFileType = sourcecode.swift; path = TripLocalDataSourceImpl.swift; sourceTree = "<group>"; };
		CADE04532CA3B05F004627C3 /* EventRemoteDataSource.swift */ = {isa = PBXFileReference; lastKnownFileType = sourcecode.swift; path = EventRemoteDataSource.swift; sourceTree = "<group>"; };
		CADE04552CA3B0A7004627C3 /* EventLocalDataSource.swift */ = {isa = PBXFileReference; lastKnownFileType = sourcecode.swift; path = EventLocalDataSource.swift; sourceTree = "<group>"; };
		CADE04582CA3B4B3004627C3 /* GetTripsUseCase.swift */ = {isa = PBXFileReference; lastKnownFileType = sourcecode.swift; path = GetTripsUseCase.swift; sourceTree = "<group>"; };
		CADE045E2CA476A4004627C3 /* ServiceLocator.swift */ = {isa = PBXFileReference; lastKnownFileType = sourcecode.swift; path = ServiceLocator.swift; sourceTree = "<group>"; };
		CADE04602CA47A40004627C3 /* CreateTripUseCase.swift */ = {isa = PBXFileReference; lastKnownFileType = sourcecode.swift; path = CreateTripUseCase.swift; sourceTree = "<group>"; };
		CADE04622CA47A57004627C3 /* UpdateTripUseCase.swift */ = {isa = PBXFileReference; lastKnownFileType = sourcecode.swift; path = UpdateTripUseCase.swift; sourceTree = "<group>"; };
		CADE04642CA47A89004627C3 /* DeleteTripUseCase.swift */ = {isa = PBXFileReference; lastKnownFileType = sourcecode.swift; path = DeleteTripUseCase.swift; sourceTree = "<group>"; };
		CADE04672CA47AEC004627C3 /* TripViewModel.swift */ = {isa = PBXFileReference; lastKnownFileType = sourcecode.swift; path = TripViewModel.swift; sourceTree = "<group>"; };
		CADE046A2CA4D28D004627C3 /* EventViewModel.swift */ = {isa = PBXFileReference; lastKnownFileType = sourcecode.swift; path = EventViewModel.swift; sourceTree = "<group>"; };
		CADE046E2CA4D2D6004627C3 /* GetEventsUseCase.swift */ = {isa = PBXFileReference; lastKnownFileType = sourcecode.swift; path = GetEventsUseCase.swift; sourceTree = "<group>"; };
		CADE04702CA4D323004627C3 /* UpdateEventsUseCase.swift */ = {isa = PBXFileReference; lastKnownFileType = sourcecode.swift; path = UpdateEventsUseCase.swift; sourceTree = "<group>"; };
		CADE04722CA4D358004627C3 /* DeleteEventsUseCase.swift */ = {isa = PBXFileReference; lastKnownFileType = sourcecode.swift; path = DeleteEventsUseCase.swift; sourceTree = "<group>"; };
		CADE04742CA4D393004627C3 /* CreateEventsUseCase.swift */ = {isa = PBXFileReference; lastKnownFileType = sourcecode.swift; path = CreateEventsUseCase.swift; sourceTree = "<group>"; };
		CADE04762CA500AC004627C3 /* GetTripUseCase.swift */ = {isa = PBXFileReference; lastKnownFileType = sourcecode.swift; path = GetTripUseCase.swift; sourceTree = "<group>"; };
/* End PBXFileReference section */

/* Begin PBXFrameworksBuildPhase section */
		075A90DC2B446996009A1DCB /* Frameworks */ = {
			isa = PBXFrameworksBuildPhase;
			buildActionMask = 2147483647;
			files = (
			);
			runOnlyForDeploymentPostprocessing = 0;
		};
/* End PBXFrameworksBuildPhase section */

/* Begin PBXGroup section */
		075A90D62B446996009A1DCB = {
			isa = PBXGroup;
			children = (
				075A90E12B446996009A1DCB /* TripJournal */,
				075A90E02B446996009A1DCB /* Products */,
			);
			sourceTree = "<group>";
		};
		075A90E02B446996009A1DCB /* Products */ = {
			isa = PBXGroup;
			children = (
				075A90DF2B446996009A1DCB /* TripJournal.app */,
			);
			name = Products;
			sourceTree = "<group>";
		};
		075A90E12B446996009A1DCB /* TripJournal */ = {
			isa = PBXGroup;
			children = (
				CADE04442CA370E4004627C3 /* Presentation Layer */,
				CADE04452CA370F6004627C3 /* Domain Layer */,
				CADE04462CA37101004627C3 /* Data Layer */,
				CADE04472CA37109004627C3 /* Core Services */,
				07AA89D32B5F242100405269 /* Utils */,
				075A90E22B446996009A1DCB /* App.swift */,
				075A90F02B4469C0009A1DCB /* RootView.swift */,
				075A90E62B446997009A1DCB /* Assets.xcassets */,
				07BCBA862B5D656E00C6F687 /* JournalService+Mock.swift */,
			);
			path = TripJournal;
			sourceTree = "<group>";
		};
		07AA89D22B5F241200405269 /* Trips */ = {
			isa = PBXGroup;
			children = (
				075A90F22B446A18009A1DCB /* TripList.swift */,
				075A90F42B446A41009A1DCB /* TripDetails.swift */,
				075A90F62B446A5C009A1DCB /* TripForm.swift */,
				075A90F82B446A6F009A1DCB /* TripCell.swift */,
			);
			path = Trips;
			sourceTree = "<group>";
		};
		07AA89D32B5F242100405269 /* Utils */ = {
			isa = PBXGroup;
			children = (
				07F6695C2B589A1E002F8D18 /* AddButton.swift */,
				075A90FC2B446AA9009A1DCB /* Utils.swift */,
			);
			path = Utils;
			sourceTree = "<group>";
		};
		07AA89D42B5F242B00405269 /* Auth */ = {
			isa = PBXGroup;
			children = (
				075A91002B446B17009A1DCB /* AuthView.swift */,
			);
			path = Auth;
			sourceTree = "<group>";
		};
		07AA89D52B5F243B00405269 /* Events */ = {
			isa = PBXGroup;
			children = (
				07BCBA792B5B256500C6F687 /* MediaGallery.swift */,
				07BCBA8E2B5D7EC500C6F687 /* MediaCarousel.swift */,
				075A90FE2B446AD6009A1DCB /* EventForm.swift */,
				075A90FA2B446A80009A1DCB /* EventCell.swift */,
			);
			path = Events;
			sourceTree = "<group>";
		};
		07AA89D82B5F256800405269 /* Entities */ = {
			isa = PBXGroup;
			children = (
				0703FC712B457EF40084DD8A /* Models.swift */,
				07AA89D62B5F251800405269 /* Requests.swift */,
			);
			path = Entities;
			sourceTree = "<group>";
		};
		07BCBA8D2B5D666E00C6F687 /* LocationPicker */ = {
			isa = PBXGroup;
			children = (
				0703FC772B49351F0084DD8A /* LocationPicker.swift */,
				0767E70F2B573F6300993870 /* LocationSearchView.swift */,
				0703FC792B493D5B0084DD8A /* LocationService.swift */,
			);
			path = LocationPicker;
			sourceTree = "<group>";
		};
		CA3C35922C99158900FA7648 /* Managers */ = {
			isa = PBXGroup;
			children = (
				CAAF05E92CC8334000E977F7 /* ErrorManager.swift */,
				CA3C35932C9915BB00FA7648 /* JournalManager.swift */,
				CA3C35962C99F14500FA7648 /* FileManagerStorage.swift */,
			);
			path = Managers;
			sourceTree = "<group>";
		};
		CA3C35952C99F12B00FA7648 /* Storage */ = {
			isa = PBXGroup;
			children = (
				CADE045D2CA47645004627C3 /* Container */,
				CA3C359D2C9A19A900FA7648 /* Local Persistence Layer */,
				CA81F2812C950234002485FD /* Cache Layer */,
			);
			path = Storage;
			sourceTree = "<group>";
		};
		CA3C359D2C9A19A900FA7648 /* Local Persistence Layer */ = {
			isa = PBXGroup;
			children = (
				CA3C359B2C9A062100FA7648 /* JournalLocalService.swift */,
			);
			path = "Local Persistence Layer";
			sourceTree = "<group>";
		};
		CA81F2812C950234002485FD /* Cache Layer */ = {
			isa = PBXGroup;
			children = (
				CA81F2852C9507C7002485FD /* CacheServiceManager.swift */,
			);
			path = "Cache Layer";
			sourceTree = "<group>";
		};
		CA81F2822C95025F002485FD /* Networking */ = {
			isa = PBXGroup;
			children = (
				CAAF05EB2CC846BA00E977F7 /* Helpers */,
				CADE04692CA4869C004627C3 /* Client */,
				CA81F2872C950C5E002485FD /* Service */,
				CADE04482CA3AEAE004627C3 /* Authentication */,
			);
			path = Networking;
			sourceTree = "<group>";
		};
		CA81F2872C950C5E002485FD /* Service */ = {
			isa = PBXGroup;
			children = (
				0703FC732B4583B80084DD8A /* JournalService.swift */,
				CA81F2882C950C80002485FD /* JournalService+Live.swift */,
			);
			path = Service;
			sourceTree = "<group>";
		};
		CAAF05DC2CC5D26000E977F7 /* Media */ = {
			isa = PBXGroup;
			children = (
				CAAF05DD2CC5D26700E977F7 /* CreateMeadiaUseCase.swift */,
				CAAF05E52CC6177C00E977F7 /* DeleteMediaUseCase.swift */,
			);
			path = Media;
			sourceTree = "<group>";
		};
		CAAF05EB2CC846BA00E977F7 /* Helpers */ = {
			isa = PBXGroup;
			children = (
				CAAF05EC2CC846C200E977F7 /* RequestHelper.swift */,
			);
			path = Helpers;
			sourceTree = "<group>";
		};
		CADE04442CA370E4004627C3 /* Presentation Layer */ = {
			isa = PBXGroup;
			children = (
				CADE047A2CA6657D004627C3 /* Views */,
				CADE04662CA47ADA004627C3 /* View Models */,
				07BCBA8D2B5D666E00C6F687 /* LocationPicker */,
			);
			path = "Presentation Layer";
			sourceTree = "<group>";
		};
		CADE04452CA370F6004627C3 /* Domain Layer */ = {
			isa = PBXGroup;
			children = (
				CAAF05E72CC61DB300E977F7 /* UseCaseFactory.swift */,
				CADE045E2CA476A4004627C3 /* ServiceLocator.swift */,
				07AA89D82B5F256800405269 /* Entities */,
				CADE04572CA3B494004627C3 /* Use Cases */,
				CA3C35922C99158900FA7648 /* Managers */,
			);
			path = "Domain Layer";
			sourceTree = "<group>";
		};
		CADE04462CA37101004627C3 /* Data Layer */ = {
			isa = PBXGroup;
			children = (
				CADE045A2CA475D4004627C3 /* Trip Repository */,
				CADE045B2CA475EA004627C3 /* Event Repository */,
				CADE045C2CA47603004627C3 /* Media Repository */,
				CA3C35952C99F12B00FA7648 /* Storage */,
				CA81F2752C94BF72002485FD /* NetworkMonitor.swift */,
			);
			path = "Data Layer";
			sourceTree = "<group>";
		};
		CADE04472CA37109004627C3 /* Core Services */ = {
			isa = PBXGroup;
			children = (
				CA81F2822C95025F002485FD /* Networking */,
			);
			path = "Core Services";
			sourceTree = "<group>";
		};
		CADE04482CA3AEAE004627C3 /* Authentication */ = {
			isa = PBXGroup;
			children = (
				CA81F28C2C9536D3002485FD /* AuthService.swift */,
				CA81F28A2C952696002485FD /* TokenManager.swift */,
				CA81F27B2C94D613002485FD /* KeychainHelper.swift */,
			);
			path = Authentication;
			sourceTree = "<group>";
		};
		CADE04572CA3B494004627C3 /* Use Cases */ = {
			isa = PBXGroup;
			children = (
				CAAF05DC2CC5D26000E977F7 /* Media */,
				CADE046D2CA4D2AA004627C3 /* Events */,
				CADE046C2CA4D297004627C3 /* Trips */,
			);
			path = "Use Cases";
			sourceTree = "<group>";
		};
		CADE045A2CA475D4004627C3 /* Trip Repository */ = {
			isa = PBXGroup;
			children = (
				CADE04512CA3B04A004627C3 /* TripLocalDataSourceImpl.swift */,
				CADE044F2CA3B034004627C3 /* TripRemoteDataSourceImpl.swift */,
				CADE04492CA3AFE3004627C3 /* TripRepositoryImpl.swift */,
			);
			path = "Trip Repository";
			sourceTree = "<group>";
		};
		CADE045B2CA475EA004627C3 /* Event Repository */ = {
			isa = PBXGroup;
			children = (
				CADE04552CA3B0A7004627C3 /* EventLocalDataSource.swift */,
				CADE04532CA3B05F004627C3 /* EventRemoteDataSource.swift */,
				CADE044B2CA3B00A004627C3 /* EventRepositoryImpl.swift */,
			);
			path = "Event Repository";
			sourceTree = "<group>";
		};
		CADE045C2CA47603004627C3 /* Media Repository */ = {
			isa = PBXGroup;
			children = (
				CAAF05E32CC6171200E977F7 /* MediaLocalDataSourceImpl.swift */,
				CAAF05E12CC616E000E977F7 /* MediaRemoteDataSourceImpl.swift */,
				CADE044D2CA3B01F004627C3 /* MediaRepositoryImpl.swift */,
			);
			path = "Media Repository";
			sourceTree = "<group>";
		};
		CADE045D2CA47645004627C3 /* Container */ = {
			isa = PBXGroup;
			children = (
				CADE04342C9C9779004627C3 /* TripJournalContainer.swift */,
			);
			path = Container;
			sourceTree = "<group>";
		};
		CADE04662CA47ADA004627C3 /* View Models */ = {
			isa = PBXGroup;
			children = (
				CAAF05DF2CC5DCEE00E977F7 /* MediaViewModel.swift */,
				CADE04672CA47AEC004627C3 /* TripViewModel.swift */,
				CADE046A2CA4D28D004627C3 /* EventViewModel.swift */,
			);
			path = "View Models";
			sourceTree = "<group>";
		};
		CADE04692CA4869C004627C3 /* Client */ = {
			isa = PBXGroup;
			children = (
				CAAF05EE2CC8470300E977F7 /* NetworkClientProtocol.swift */,
				CA81F2832C9502F8002485FD /* NetworkClient.swift */,
				CA81F2772C94C14D002485FD /* TripRouter.swift */,
				CA81F27F2C94EA94002485FD /* NetworkConstants.swift */,
			);
			path = Client;
			sourceTree = "<group>";
		};
		CADE046C2CA4D297004627C3 /* Trips */ = {
			isa = PBXGroup;
			children = (
				CADE04582CA3B4B3004627C3 /* GetTripsUseCase.swift */,
				CADE04602CA47A40004627C3 /* CreateTripUseCase.swift */,
				CADE04622CA47A57004627C3 /* UpdateTripUseCase.swift */,
				CADE04642CA47A89004627C3 /* DeleteTripUseCase.swift */,
				CADE04762CA500AC004627C3 /* GetTripUseCase.swift */,
			);
			path = Trips;
			sourceTree = "<group>";
		};
		CADE046D2CA4D2AA004627C3 /* Events */ = {
			isa = PBXGroup;
			children = (
				CADE04742CA4D393004627C3 /* CreateEventsUseCase.swift */,
				CADE046E2CA4D2D6004627C3 /* GetEventsUseCase.swift */,
				CADE04702CA4D323004627C3 /* UpdateEventsUseCase.swift */,
				CADE04722CA4D358004627C3 /* DeleteEventsUseCase.swift */,
			);
			path = Events;
			sourceTree = "<group>";
		};
		CADE047A2CA6657D004627C3 /* Views */ = {
			isa = PBXGroup;
			children = (
				07AA89D22B5F241200405269 /* Trips */,
				07AA89D52B5F243B00405269 /* Events */,
				07AA89D42B5F242B00405269 /* Auth */,
			);
			path = Views;
			sourceTree = "<group>";
		};
/* End PBXGroup section */

/* Begin PBXNativeTarget section */
		075A90DE2B446996009A1DCB /* TripJournal */ = {
			isa = PBXNativeTarget;
			buildConfigurationList = 075A90ED2B446997009A1DCB /* Build configuration list for PBXNativeTarget "TripJournal" */;
			buildPhases = (
				CADE04432C9E1AF5004627C3 /* ShellScript */,
				075A90DB2B446996009A1DCB /* Sources */,
				075A90DC2B446996009A1DCB /* Frameworks */,
				075A90DD2B446996009A1DCB /* Resources */,
			);
			buildRules = (
			);
			dependencies = (
			);
			name = TripJournal;
			productName = TripJournal;
			productReference = 075A90DF2B446996009A1DCB /* TripJournal.app */;
			productType = "com.apple.product-type.application";
		};
/* End PBXNativeTarget section */

/* Begin PBXProject section */
		075A90D72B446996009A1DCB /* Project object */ = {
			isa = PBXProject;
			attributes = {
				BuildIndependentTargetsInParallel = 1;
				LastSwiftUpdateCheck = 1510;
				LastUpgradeCheck = 1510;
				TargetAttributes = {
					075A90DE2B446996009A1DCB = {
						CreatedOnToolsVersion = 15.1;
					};
				};
			};
			buildConfigurationList = 075A90DA2B446996009A1DCB /* Build configuration list for PBXProject "TripJournal" */;
			compatibilityVersion = "Xcode 14.0";
			developmentRegion = en;
			hasScannedForEncodings = 0;
			knownRegions = (
				en,
				Base,
			);
			mainGroup = 075A90D62B446996009A1DCB;
			productRefGroup = 075A90E02B446996009A1DCB /* Products */;
			projectDirPath = "";
			projectRoot = "";
			targets = (
				075A90DE2B446996009A1DCB /* TripJournal */,
			);
		};
/* End PBXProject section */

/* Begin PBXResourcesBuildPhase section */
		075A90DD2B446996009A1DCB /* Resources */ = {
			isa = PBXResourcesBuildPhase;
			buildActionMask = 2147483647;
			files = (
				075A90E72B446997009A1DCB /* Assets.xcassets in Resources */,
			);
			runOnlyForDeploymentPostprocessing = 0;
		};
/* End PBXResourcesBuildPhase section */

/* Begin PBXShellScriptBuildPhase section */
		CADE04432C9E1AF5004627C3 /* ShellScript */ = {
			isa = PBXShellScriptBuildPhase;
			buildActionMask = 2147483647;
			files = (
			);
			inputFileListPaths = (
			);
			inputPaths = (
			);
			outputFileListPaths = (
			);
			outputPaths = (
			);
			runOnlyForDeploymentPostprocessing = 0;
			shellPath = /bin/sh;
			shellScript = "# Type a script or drag a script file from your workspace to insert its path.\nif which swiftlint >/dev/null; then\n    swiftlint\nelse\n    echo \"warning: SwiftLint not installed, download from https://github.com/realm/SwiftLint\"\nfi\n";
		};
/* End PBXShellScriptBuildPhase section */

/* Begin PBXSourcesBuildPhase section */
		075A90DB2B446996009A1DCB /* Sources */ = {
			isa = PBXSourcesBuildPhase;
			buildActionMask = 2147483647;
			files = (
				CADE04712CA4D323004627C3 /* UpdateEventsUseCase.swift in Sources */,
				07BCBA7A2B5B256500C6F687 /* MediaGallery.swift in Sources */,
				CAAF05E62CC6178E00E977F7 /* DeleteMediaUseCase.swift in Sources */,
				CAAF05EA2CC8336400E977F7 /* ErrorManager.swift in Sources */,
				CADE04772CA500AC004627C3 /* GetTripUseCase.swift in Sources */,
				CA81F2892C950C80002485FD /* JournalService+Live.swift in Sources */,
				0703FC7A2B493D5B0084DD8A /* LocationService.swift in Sources */,
				0703FC722B457EF40084DD8A /* Models.swift in Sources */,
				075A91012B446B17009A1DCB /* AuthView.swift in Sources */,
				CA81F2862C9507C7002485FD /* CacheServiceManager.swift in Sources */,
				0703FC742B4583B80084DD8A /* JournalService.swift in Sources */,
				07AA89D72B5F251800405269 /* Requests.swift in Sources */,
				075A90E32B446996009A1DCB /* App.swift in Sources */,
				CA81F28B2C952696002485FD /* TokenManager.swift in Sources */,
				CADE04592CA3B4B3004627C3 /* GetTripsUseCase.swift in Sources */,
				CAAF05ED2CC846E000E977F7 /* RequestHelper.swift in Sources */,
				CA3C359C2C9A062100FA7648 /* JournalLocalService.swift in Sources */,
				CADE04352C9C9779004627C3 /* TripJournalContainer.swift in Sources */,
				075A90FD2B446AA9009A1DCB /* Utils.swift in Sources */,
				CADE04752CA4D393004627C3 /* CreateEventsUseCase.swift in Sources */,
				075A90FF2B446AD6009A1DCB /* EventForm.swift in Sources */,
				0703FC782B49351F0084DD8A /* LocationPicker.swift in Sources */,
				CADE04502CA3B034004627C3 /* TripRemoteDataSourceImpl.swift in Sources */,
				CA81F2782C94C14D002485FD /* TripRouter.swift in Sources */,
				CADE044C2CA3B00A004627C3 /* EventRepositoryImpl.swift in Sources */,
				CAAF05E42CC6171200E977F7 /* MediaLocalDataSourceImpl.swift in Sources */,
				CADE04652CA47A89004627C3 /* DeleteTripUseCase.swift in Sources */,
				075A90F12B4469C0009A1DCB /* RootView.swift in Sources */,
				CA3C35942C9915BB00FA7648 /* JournalManager.swift in Sources */,
				CADE04632CA47A57004627C3 /* UpdateTripUseCase.swift in Sources */,
				075A90F72B446A5C009A1DCB /* TripForm.swift in Sources */,
				CADE04612CA47A40004627C3 /* CreateTripUseCase.swift in Sources */,
				CADE044E2CA3B01F004627C3 /* MediaRepositoryImpl.swift in Sources */,
				07BCBA872B5D656E00C6F687 /* JournalService+Mock.swift in Sources */,
				0767E7102B573F6300993870 /* LocationSearchView.swift in Sources */,
				075A90FB2B446A80009A1DCB /* EventCell.swift in Sources */,
				CAAF05DE2CC5D27200E977F7 /* CreateMeadiaUseCase.swift in Sources */,
				CAAF05E82CC61DBD00E977F7 /* UseCaseFactory.swift in Sources */,
				CADE04682CA47AEC004627C3 /* TripViewModel.swift in Sources */,
				07BCBA8F2B5D7EC500C6F687 /* MediaCarousel.swift in Sources */,
				07F6695D2B589A1E002F8D18 /* AddButton.swift in Sources */,
				CADE04732CA4D358004627C3 /* DeleteEventsUseCase.swift in Sources */,
				075A90F52B446A41009A1DCB /* TripDetails.swift in Sources */,
				CA81F27C2C94D613002485FD /* KeychainHelper.swift in Sources */,
				CA3C35972C99F14500FA7648 /* FileManagerStorage.swift in Sources */,
				075A90F32B446A18009A1DCB /* TripList.swift in Sources */,
				CADE045F2CA476A5004627C3 /* ServiceLocator.swift in Sources */,
				CADE04542CA3B05F004627C3 /* EventRemoteDataSource.swift in Sources */,
				CA81F28D2C9536D3002485FD /* AuthService.swift in Sources */,
				CAAF05EF2CC8470A00E977F7 /* NetworkClientProtocol.swift in Sources */,
				CA81F2802C94EA94002485FD /* NetworkConstants.swift in Sources */,
				CADE046B2CA4D28D004627C3 /* EventViewModel.swift in Sources */,
				CADE046F2CA4D2D6004627C3 /* GetEventsUseCase.swift in Sources */,
				CAAF05E02CC5DCFA00E977F7 /* MediaViewModel.swift in Sources */,
				CADE04522CA3B04A004627C3 /* TripLocalDataSourceImpl.swift in Sources */,
				CADE04562CA3B0A7004627C3 /* EventLocalDataSource.swift in Sources */,
				CADE044A2CA3AFE3004627C3 /* TripRepositoryImpl.swift in Sources */,
				CA81F2842C9502F9002485FD /* NetworkClient.swift in Sources */,
				CAAF05E22CC616E300E977F7 /* MediaRemoteDataSourceImpl.swift in Sources */,
				075A90F92B446A6F009A1DCB /* TripCell.swift in Sources */,
				CA81F2762C94BF72002485FD /* NetworkMonitor.swift in Sources */,
			);
			runOnlyForDeploymentPostprocessing = 0;
		};
/* End PBXSourcesBuildPhase section */

/* Begin XCBuildConfiguration section */
		075A90EB2B446997009A1DCB /* Debug */ = {
			isa = XCBuildConfiguration;
			buildSettings = {
				ALWAYS_SEARCH_USER_PATHS = NO;
				ASSETCATALOG_COMPILER_GENERATE_SWIFT_ASSET_SYMBOL_EXTENSIONS = YES;
				CLANG_ANALYZER_NONNULL = YES;
				CLANG_ANALYZER_NUMBER_OBJECT_CONVERSION = YES_AGGRESSIVE;
				CLANG_CXX_LANGUAGE_STANDARD = "gnu++20";
				CLANG_ENABLE_MODULES = YES;
				CLANG_ENABLE_OBJC_ARC = YES;
				CLANG_ENABLE_OBJC_WEAK = YES;
				CLANG_WARN_BLOCK_CAPTURE_AUTORELEASING = YES;
				CLANG_WARN_BOOL_CONVERSION = YES;
				CLANG_WARN_COMMA = YES;
				CLANG_WARN_CONSTANT_CONVERSION = YES;
				CLANG_WARN_DEPRECATED_OBJC_IMPLEMENTATIONS = YES;
				CLANG_WARN_DIRECT_OBJC_ISA_USAGE = YES_ERROR;
				CLANG_WARN_DOCUMENTATION_COMMENTS = YES;
				CLANG_WARN_EMPTY_BODY = YES;
				CLANG_WARN_ENUM_CONVERSION = YES;
				CLANG_WARN_INFINITE_RECURSION = YES;
				CLANG_WARN_INT_CONVERSION = YES;
				CLANG_WARN_NON_LITERAL_NULL_CONVERSION = YES;
				CLANG_WARN_OBJC_IMPLICIT_RETAIN_SELF = YES;
				CLANG_WARN_OBJC_LITERAL_CONVERSION = YES;
				CLANG_WARN_OBJC_ROOT_CLASS = YES_ERROR;
				CLANG_WARN_QUOTED_INCLUDE_IN_FRAMEWORK_HEADER = YES;
				CLANG_WARN_RANGE_LOOP_ANALYSIS = YES;
				CLANG_WARN_STRICT_PROTOTYPES = YES;
				CLANG_WARN_SUSPICIOUS_MOVE = YES;
				CLANG_WARN_UNGUARDED_AVAILABILITY = YES_AGGRESSIVE;
				CLANG_WARN_UNREACHABLE_CODE = YES;
				CLANG_WARN__DUPLICATE_METHOD_MATCH = YES;
				COPY_PHASE_STRIP = NO;
				DEBUG_INFORMATION_FORMAT = dwarf;
				ENABLE_STRICT_OBJC_MSGSEND = YES;
				ENABLE_TESTABILITY = YES;
				ENABLE_USER_SCRIPT_SANDBOXING = YES;
				GCC_C_LANGUAGE_STANDARD = gnu17;
				GCC_DYNAMIC_NO_PIC = NO;
				GCC_NO_COMMON_BLOCKS = YES;
				GCC_OPTIMIZATION_LEVEL = 0;
				GCC_PREPROCESSOR_DEFINITIONS = (
					"DEBUG=1",
					"$(inherited)",
				);
				GCC_WARN_64_TO_32_BIT_CONVERSION = YES;
				GCC_WARN_ABOUT_RETURN_TYPE = YES_ERROR;
				GCC_WARN_UNDECLARED_SELECTOR = YES;
				GCC_WARN_UNINITIALIZED_AUTOS = YES_AGGRESSIVE;
				GCC_WARN_UNUSED_FUNCTION = YES;
				GCC_WARN_UNUSED_VARIABLE = YES;
				IPHONEOS_DEPLOYMENT_TARGET = 17.2;
				LOCALIZATION_PREFERS_STRING_CATALOGS = YES;
				MTL_ENABLE_DEBUG_INFO = INCLUDE_SOURCE;
				MTL_FAST_MATH = YES;
				ONLY_ACTIVE_ARCH = YES;
				SDKROOT = iphoneos;
				SWIFT_ACTIVE_COMPILATION_CONDITIONS = "DEBUG $(inherited)";
				SWIFT_OPTIMIZATION_LEVEL = "-Onone";
				SWIFT_STRICT_CONCURRENCY = minimal;
			};
			name = Debug;
		};
		075A90EC2B446997009A1DCB /* Release */ = {
			isa = XCBuildConfiguration;
			buildSettings = {
				ALWAYS_SEARCH_USER_PATHS = NO;
				ASSETCATALOG_COMPILER_GENERATE_SWIFT_ASSET_SYMBOL_EXTENSIONS = YES;
				CLANG_ANALYZER_NONNULL = YES;
				CLANG_ANALYZER_NUMBER_OBJECT_CONVERSION = YES_AGGRESSIVE;
				CLANG_CXX_LANGUAGE_STANDARD = "gnu++20";
				CLANG_ENABLE_MODULES = YES;
				CLANG_ENABLE_OBJC_ARC = YES;
				CLANG_ENABLE_OBJC_WEAK = YES;
				CLANG_WARN_BLOCK_CAPTURE_AUTORELEASING = YES;
				CLANG_WARN_BOOL_CONVERSION = YES;
				CLANG_WARN_COMMA = YES;
				CLANG_WARN_CONSTANT_CONVERSION = YES;
				CLANG_WARN_DEPRECATED_OBJC_IMPLEMENTATIONS = YES;
				CLANG_WARN_DIRECT_OBJC_ISA_USAGE = YES_ERROR;
				CLANG_WARN_DOCUMENTATION_COMMENTS = YES;
				CLANG_WARN_EMPTY_BODY = YES;
				CLANG_WARN_ENUM_CONVERSION = YES;
				CLANG_WARN_INFINITE_RECURSION = YES;
				CLANG_WARN_INT_CONVERSION = YES;
				CLANG_WARN_NON_LITERAL_NULL_CONVERSION = YES;
				CLANG_WARN_OBJC_IMPLICIT_RETAIN_SELF = YES;
				CLANG_WARN_OBJC_LITERAL_CONVERSION = YES;
				CLANG_WARN_OBJC_ROOT_CLASS = YES_ERROR;
				CLANG_WARN_QUOTED_INCLUDE_IN_FRAMEWORK_HEADER = YES;
				CLANG_WARN_RANGE_LOOP_ANALYSIS = YES;
				CLANG_WARN_STRICT_PROTOTYPES = YES;
				CLANG_WARN_SUSPICIOUS_MOVE = YES;
				CLANG_WARN_UNGUARDED_AVAILABILITY = YES_AGGRESSIVE;
				CLANG_WARN_UNREACHABLE_CODE = YES;
				CLANG_WARN__DUPLICATE_METHOD_MATCH = YES;
				COPY_PHASE_STRIP = NO;
				DEBUG_INFORMATION_FORMAT = "dwarf-with-dsym";
				ENABLE_NS_ASSERTIONS = NO;
				ENABLE_STRICT_OBJC_MSGSEND = YES;
				ENABLE_USER_SCRIPT_SANDBOXING = YES;
				GCC_C_LANGUAGE_STANDARD = gnu17;
				GCC_NO_COMMON_BLOCKS = YES;
				GCC_WARN_64_TO_32_BIT_CONVERSION = YES;
				GCC_WARN_ABOUT_RETURN_TYPE = YES_ERROR;
				GCC_WARN_UNDECLARED_SELECTOR = YES;
				GCC_WARN_UNINITIALIZED_AUTOS = YES_AGGRESSIVE;
				GCC_WARN_UNUSED_FUNCTION = YES;
				GCC_WARN_UNUSED_VARIABLE = YES;
				IPHONEOS_DEPLOYMENT_TARGET = 17.2;
				LOCALIZATION_PREFERS_STRING_CATALOGS = YES;
				MTL_ENABLE_DEBUG_INFO = NO;
				MTL_FAST_MATH = YES;
				SDKROOT = iphoneos;
				SWIFT_COMPILATION_MODE = wholemodule;
				SWIFT_STRICT_CONCURRENCY = minimal;
				VALIDATE_PRODUCT = YES;
			};
			name = Release;
		};
		075A90EE2B446997009A1DCB /* Debug */ = {
			isa = XCBuildConfiguration;
			buildSettings = {
				ASSETCATALOG_COMPILER_APPICON_NAME = AppIcon;
				ASSETCATALOG_COMPILER_GLOBAL_ACCENT_COLOR_NAME = AccentColor;
				CODE_SIGN_IDENTITY = "Apple Development";
				CODE_SIGN_STYLE = Automatic;
				CURRENT_PROJECT_VERSION = 1;
				DEVELOPMENT_TEAM = M54A7BX79B;
				ENABLE_PREVIEWS = YES;
				GENERATE_INFOPLIST_FILE = YES;
				INFOPLIST_KEY_NSLocationWhenInUseUsageDescription = "We need your location to show places around you";
				INFOPLIST_KEY_UIApplicationSceneManifest_Generation = YES;
				INFOPLIST_KEY_UIApplicationSupportsIndirectInputEvents = YES;
				INFOPLIST_KEY_UILaunchScreen_Generation = YES;
				INFOPLIST_KEY_UISupportedInterfaceOrientations = UIInterfaceOrientationPortrait;
				INFOPLIST_KEY_UISupportedInterfaceOrientations_iPad = "UIInterfaceOrientationLandscapeLeft UIInterfaceOrientationLandscapeRight UIInterfaceOrientationPortrait UIInterfaceOrientationPortraitUpsideDown";
				IPHONEOS_DEPLOYMENT_TARGET = 17.2;
				LD_RUNPATH_SEARCH_PATHS = (
					"$(inherited)",
					"@executable_path/Frameworks",
				);
				MARKETING_VERSION = 1.0;
				PRODUCT_BUNDLE_IDENTIFIER = com.bohdansolovey.TripJournal;
				PRODUCT_NAME = "$(TARGET_NAME)";
				PROVISIONING_PROFILE_SPECIFIER = "";
				SUPPORTED_PLATFORMS = "iphoneos iphonesimulator";
				SUPPORTS_MACCATALYST = NO;
				SUPPORTS_MAC_DESIGNED_FOR_IPHONE_IPAD = NO;
				SUPPORTS_XR_DESIGNED_FOR_IPHONE_IPAD = NO;
				SWIFT_EMIT_LOC_STRINGS = YES;
				SWIFT_STRICT_CONCURRENCY = minimal;
				SWIFT_VERSION = 5.0;
				TARGETED_DEVICE_FAMILY = "1,2";
			};
			name = Debug;
		};
		075A90EF2B446997009A1DCB /* Release */ = {
			isa = XCBuildConfiguration;
			buildSettings = {
				ASSETCATALOG_COMPILER_APPICON_NAME = AppIcon;
				ASSETCATALOG_COMPILER_GLOBAL_ACCENT_COLOR_NAME = AccentColor;
				CODE_SIGN_IDENTITY = "Apple Development";
				CODE_SIGN_STYLE = Automatic;
				CURRENT_PROJECT_VERSION = 1;
				DEVELOPMENT_TEAM = M54A7BX79B;
				ENABLE_PREVIEWS = YES;
				GENERATE_INFOPLIST_FILE = YES;
				INFOPLIST_KEY_NSLocationWhenInUseUsageDescription = "We need your location to show places around you";
				INFOPLIST_KEY_UIApplicationSceneManifest_Generation = YES;
				INFOPLIST_KEY_UIApplicationSupportsIndirectInputEvents = YES;
				INFOPLIST_KEY_UILaunchScreen_Generation = YES;
				INFOPLIST_KEY_UISupportedInterfaceOrientations = UIInterfaceOrientationPortrait;
				INFOPLIST_KEY_UISupportedInterfaceOrientations_iPad = "UIInterfaceOrientationLandscapeLeft UIInterfaceOrientationLandscapeRight UIInterfaceOrientationPortrait UIInterfaceOrientationPortraitUpsideDown";
				IPHONEOS_DEPLOYMENT_TARGET = 17.2;
				LD_RUNPATH_SEARCH_PATHS = (
					"$(inherited)",
					"@executable_path/Frameworks",
				);
				MARKETING_VERSION = 1.0;
				PRODUCT_BUNDLE_IDENTIFIER = com.bohdansolovey.TripJournal;
				PRODUCT_NAME = "$(TARGET_NAME)";
				PROVISIONING_PROFILE_SPECIFIER = "";
				SUPPORTED_PLATFORMS = "iphoneos iphonesimulator";
				SUPPORTS_MACCATALYST = NO;
				SUPPORTS_MAC_DESIGNED_FOR_IPHONE_IPAD = NO;
				SUPPORTS_XR_DESIGNED_FOR_IPHONE_IPAD = NO;
				SWIFT_EMIT_LOC_STRINGS = YES;
				SWIFT_STRICT_CONCURRENCY = minimal;
				SWIFT_VERSION = 5.0;
				TARGETED_DEVICE_FAMILY = "1,2";
			};
			name = Release;
		};
/* End XCBuildConfiguration section */

/* Begin XCConfigurationList section */
		075A90DA2B446996009A1DCB /* Build configuration list for PBXProject "TripJournal" */ = {
			isa = XCConfigurationList;
			buildConfigurations = (
				075A90EB2B446997009A1DCB /* Debug */,
				075A90EC2B446997009A1DCB /* Release */,
			);
			defaultConfigurationIsVisible = 0;
			defaultConfigurationName = Release;
		};
		075A90ED2B446997009A1DCB /* Build configuration list for PBXNativeTarget "TripJournal" */ = {
			isa = XCConfigurationList;
			buildConfigurations = (
				075A90EE2B446997009A1DCB /* Debug */,
				075A90EF2B446997009A1DCB /* Release */,
			);
			defaultConfigurationIsVisible = 0;
			defaultConfigurationName = Release;
		};
/* End XCConfigurationList section */
	};
	rootObject = 075A90D72B446996009A1DCB /* Project object */;
}
